
Microsoft Visual Studio Solution File, Format Version 12.00
# Visual Studio 15
VisualStudioVersion = 15.0.26403.0
MinimumVisualStudioVersion = 10.0.40219.1
Project("{FAE04EC0-301F-11D3-BF4B-00C04F79EFBC}") = "Hello-World", "Hello-World\Hello-World.csproj", "{A57E38DF-8FF1-4CA9-B462-ADCA2826CB72}"
EndProject
Project("{FAE04EC0-301F-11D3-BF4B-00C04F79EFBC}") = "Creating_Variables", "Creating_Variables\Creating_Variables.csproj", "{5D5AC995-A938-460B-9DFA-4D7C82BCEF6C}"
EndProject
Project("{FAE04EC0-301F-11D3-BF4B-00C04F79EFBC}") = "CylindarCalculator", "ConsoleApp1\CylindarCalculator.csproj", "{0D5C2439-3A4F-46D1-A147-D7D3D35A0098}"
EndProject
Global
	GlobalSection(SolutionConfigurationPlatforms) = preSolution
		Debug|Any CPU = Debug|Any CPU
		Release|Any CPU = Release|Any CPU
	EndGlobalSection
	GlobalSection(ProjectConfigurationPlatforms) = postSolution
		{A57E38DF-8FF1-4CA9-B462-ADCA2826CB72}.Debug|Any CPU.ActiveCfg = Debug|Any CPU
		{A57E38DF-8FF1-4CA9-B462-ADCA2826CB72}.Debug|Any CPU.Build.0 = Debug|Any CPU
		{A57E38DF-8FF1-4CA9-B462-ADCA2826CB72}.Release|Any CPU.ActiveCfg = Release|Any CPU
		{A57E38DF-8FF1-4CA9-B462-ADCA2826CB72}.Release|Any CPU.Build.0 = Release|Any CPU
		{5D5AC995-A938-460B-9DFA-4D7C82BCEF6C}.Debug|Any CPU.ActiveCfg = Debug|Any CPU
		{5D5AC995-A938-460B-9DFA-4D7C82BCEF6C}.Debug|Any CPU.Build.0 = Debug|Any CPU
		{5D5AC995-A938-460B-9DFA-4D7C82BCEF6C}.Release|Any CPU.ActiveCfg = Release|Any CPU
		{5D5AC995-A938-460B-9DFA-4D7C82BCEF6C}.Release|Any CPU.Build.0 = Release|Any CPU
		{0D5C2439-3A4F-46D1-A147-D7D3D35A0098}.Debug|Any CPU.ActiveCfg = Debug|Any CPU
		{0D5C2439-3A4F-46D1-A147-D7D3D35A0098}.Debug|Any CPU.Build.0 = Debug|Any CPU
		{0D5C2439-3A4F-46D1-A147-D7D3D35A0098}.Release|Any CPU.ActiveCfg = Release|Any CPU
		{0D5C2439-3A4F-46D1-A147-D7D3D35A0098}.Release|Any CPU.Build.0 = Release|Any CPU
	EndGlobalSection
	GlobalSection(SolutionProperties) = preSolution
		HideSolutionNode = FALSE
	EndGlobalSection
EndGlobal
